{
  "lockfileVersion": 1,
  "configVersion": 1,
  "workspaces": {
    "": {
      "name": "upload-service",
      "dependencies": {
        "@hono/node-server": "^1.19.9",
        "@types/stream-json": "^1.7.8",
        "geojson-vt": "^4.0.2",
        "h3-js": "^4.4.0",
        "hono": "^4.11.10",
        "papaparse": "^5.5.3",
        "postgres": "^3.4.8",
        "stream-chain": "^3.4.1",
        "stream-json": "^1.9.1",
        "vt-pbf": "^3.1.3",
      },
      "devDependencies": {
        "@types/bun": "latest",
        "@types/papaparse": "^5.5.2",
      },
      "peerDependencies": {
        "typescript": "^5",
      },
    },
  },
  "packages": {
    "@hono/node-server": ["@hono/node-server@1.19.9", "", { "peerDependencies": { "hono": "^4" } }, "sha512-vHL6w3ecZsky+8P5MD+eFfaGTyCeOHUIFYMGpQGbrBTSmNNoxv0if69rEZ5giu36weC5saFuznL411gRX7bJDw=="],

    "@mapbox/point-geometry": ["@mapbox/point-geometry@0.1.0", "", {}, "sha512-6j56HdLTwWGO0fJPlrZtdU/B13q8Uwmo18Ck2GnGgN9PCFyKTZ3UbXeEdRFh18i9XQ92eH2VdtpJHpBD3aripQ=="],

    "@mapbox/vector-tile": ["@mapbox/vector-tile@1.3.1", "", { "dependencies": { "@mapbox/point-geometry": "~0.1.0" } }, "sha512-MCEddb8u44/xfQ3oD+Srl/tNcQoqTw3goGk2oLsrFxOTc3dUp+kAnby3PvAeeBYSMSjSPD1nd1AJA6W49WnoUw=="],

    "@types/bun": ["@types/bun@1.3.9", "", { "dependencies": { "bun-types": "1.3.9" } }, "sha512-KQ571yULOdWJiMH+RIWIOZ7B2RXQGpL1YQrBtLIV3FqDcCu6FsbFUBwhdKUlCKUpS3PJDsHlJ1QKlpxoVR+xtw=="],

    "@types/node": ["@types/node@25.2.3", "", { "dependencies": { "undici-types": "~7.16.0" } }, "sha512-m0jEgYlYz+mDJZ2+F4v8D1AyQb+QzsNqRuI7xg1VQX/KlKS0qT9r1Mo16yo5F/MtifXFgaofIFsdFMox2SxIbQ=="],

    "@types/papaparse": ["@types/papaparse@5.5.2", "", { "dependencies": { "@types/node": "*" } }, "sha512-gFnFp/JMzLHCwRf7tQHrNnfhN4eYBVYYI897CGX4MY1tzY9l2aLkVyx2IlKZ/SAqDbB3I1AOZW5gTMGGsqWliA=="],

    "@types/stream-chain": ["@types/stream-chain@2.1.0", "", { "dependencies": { "@types/node": "*" } }, "sha512-guDyAl6s/CAzXUOWpGK2bHvdiopLIwpGu8v10+lb9hnQOyo4oj/ZUQFOvqFjKGsE3wJP1fpIesCcMvbXuWsqOg=="],

    "@types/stream-json": ["@types/stream-json@1.7.8", "", { "dependencies": { "@types/node": "*", "@types/stream-chain": "*" } }, "sha512-MU1OB1eFLcYWd1LjwKXrxdoPtXSRzRmAnnxs4Js/ayB5O/NvHraWwuOaqMWIebpYwM6khFlsJOHEhI9xK/ab4Q=="],

    "bun-types": ["bun-types@1.3.9", "", { "dependencies": { "@types/node": "*" } }, "sha512-+UBWWOakIP4Tswh0Bt0QD0alpTY8cb5hvgiYeWCMet9YukHbzuruIEeXC2D7nMJPB12kbh8C7XJykSexEqGKJg=="],

    "geojson-vt": ["geojson-vt@4.0.2", "", {}, "sha512-AV9ROqlNqoZEIJGfm1ncNjEXfkz2hdFlZf0qkVfmkwdKa8vj7H16YUOT81rJw1rdFhyEDlN2Tds91p/glzbl5A=="],

    "h3-js": ["h3-js@4.4.0", "", {}, "sha512-DvJh07MhGgY2KcC4OeZc8SSyA+ZXpdvoh6uCzGpoKvWtZxJB+g6VXXC1+eWYkaMIsLz7J/ErhOalHCpcs1KYog=="],

    "hono": ["hono@4.11.10", "", {}, "sha512-kyWP5PAiMooEvGrA9jcD3IXF7ATu8+o7B3KCbPXid5se52NPqnOpM/r9qeW2heMnOekF4kqR1fXJqCYeCLKrZg=="],

    "ieee754": ["ieee754@1.2.1", "", {}, "sha512-dcyqhDvX1C46lXZcVqCpK+FtMRQVdIMN6/Df5js2zouUsqG7I6sFxitIC+7KYK29KdXOLHdu9zL4sFnoVQnqaA=="],

    "papaparse": ["papaparse@5.5.3", "", {}, "sha512-5QvjGxYVjxO59MGU2lHVYpRWBBtKHnlIAcSe1uNFCkkptUh63NFRj0FJQm7nR67puEruUci/ZkjmEFrjCAyP4A=="],

    "pbf": ["pbf@3.3.0", "", { "dependencies": { "ieee754": "^1.1.12", "resolve-protobuf-schema": "^2.1.0" }, "bin": { "pbf": "bin/pbf" } }, "sha512-XDF38WCH3z5OV/OVa8GKUNtLAyneuzbCisx7QUCF8Q6Nutx0WnJrQe5O+kOtBlLfRNUws98Y58Lblp+NJG5T4Q=="],

    "postgres": ["postgres@3.4.8", "", {}, "sha512-d+JFcLM17njZaOLkv6SCev7uoLaBtfK86vMUXhW1Z4glPWh4jozno9APvW/XKFJ3CCxVoC7OL38BqRydtu5nGg=="],

    "protocol-buffers-schema": ["protocol-buffers-schema@3.6.1", "", {}, "sha512-VG2K63Igkiv9p76tk1lilczEK1cT+kCjKtkdhw1dQZV3k3IXJbd3o6Ho8b9zJZaHSnT2hKe4I+ObmX9w6m5SmQ=="],

    "resolve-protobuf-schema": ["resolve-protobuf-schema@2.1.0", "", { "dependencies": { "protocol-buffers-schema": "^3.3.1" } }, "sha512-kI5ffTiZWmJaS/huM8wZfEMer1eRd7oJQhDuxeCLe3t7N7mX3z94CN0xPxBQxFYQTSNz9T0i+v6inKqSdK8xrQ=="],

    "stream-chain": ["stream-chain@3.4.1", "", {}, "sha512-v6WzCSUAIUMEaR/iuNZzhxeS0god/gL9qPUvgwPtBdIr7+vQHNgitM8lq9Nfqxnb09EjpT4aWQlGnkEDEdYSdg=="],

    "stream-json": ["stream-json@1.9.1", "", { "dependencies": { "stream-chain": "^2.2.5" } }, "sha512-uWkjJ+2Nt/LO9Z/JyKZbMusL8Dkh97uUBTv3AJQ74y07lVahLY4eEFsPsE97pxYBwr8nnjMAIch5eqI0gPShyw=="],

    "typescript": ["typescript@5.9.3", "", { "bin": { "tsc": "bin/tsc", "tsserver": "bin/tsserver" } }, "sha512-jl1vZzPDinLr9eUt3J/t7V6FgNEw9QjvBPdysz9KfQDD41fQrC2Y4vKQdiaUpFT4bXlb1RHhLpp8wtm6M5TgSw=="],

    "undici-types": ["undici-types@7.16.0", "", {}, "sha512-Zz+aZWSj8LE6zoxD+xrjh4VfkIG8Ya6LvYkZqtUQGJPZjYl53ypCaUwWqo7eI0x66KBGeRo+mlBEkMSeSZ38Nw=="],

    "vt-pbf": ["vt-pbf@3.1.3", "", { "dependencies": { "@mapbox/point-geometry": "0.1.0", "@mapbox/vector-tile": "^1.3.1", "pbf": "^3.2.1" } }, "sha512-2LzDFzt0mZKZ9IpVF2r69G9bXaP2Q2sArJCmcCgvfTdCCZzSyz4aCLoQyUilu37Ll56tCblIZrXFIjNUpGIlmA=="],

    "stream-json/stream-chain": ["stream-chain@2.2.5", "", {}, "sha512-1TJmBx6aSWqZ4tx7aTpBDXK0/e2hhcNSTV8+CbFJtDjbb+I1mZ8lHit0Grw9GRT+6JbIrrDd8esncgBi8aBXGA=="],
  }
}
